
Microsoft Visual Studio Solution File, Format Version 12.00
# Visual Studio 15
VisualStudioVersion = 15.0.28010.2003
MinimumVisualStudioVersion = 10.0.40219.1
Project("{FAE04EC0-301F-11D3-BF4B-00C04F79EFBC}") = "PairProgrammingProject", "PairProgrammingProject\PairProgrammingProject.csproj", "{01281C85-B0B6-4255-9F98-EACEF6EB7E86}"
EndProject
Global
	GlobalSection(SolutionConfigurationPlatforms) = preSolution
		Debug|Any CPU = Debug|Any CPU
		Release|Any CPU = Release|Any CPU
	EndGlobalSection
	GlobalSection(ProjectConfigurationPlatforms) = postSolution
		{01281C85-B0B6-4255-9F98-EACEF6EB7E86}.Debug|Any CPU.ActiveCfg = Debug|Any CPU
		{01281C85-B0B6-4255-9F98-EACEF6EB7E86}.Debug|Any CPU.Build.0 = Debug|Any CPU
		{01281C85-B0B6-4255-9F98-EACEF6EB7E86}.Release|Any CPU.ActiveCfg = Release|Any CPU
		{01281C85-B0B6-4255-9F98-EACEF6EB7E86}.Release|Any CPU.Build.0 = Release|Any CPU
	EndGlobalSection
	GlobalSection(SolutionProperties) = preSolution
		HideSolutionNode = FALSE
	EndGlobalSection
	GlobalSection(ExtensibilityGlobals) = postSolution
		SolutionGuid = {01627A62-8E82-40CA-9FCD-6D983E45AB2F}
	EndGlobalSection
EndGlobal
